
Microsoft Visual Studio Solution File, Format Version 12.00
# Visual Studio 15
VisualStudioVersion = 15.0.28307.779
MinimumVisualStudioVersion = 10.0.40219.1
Project("{FAE04EC0-301F-11D3-BF4B-00C04F79EFBC}") = "WebApplication1", "WebApplication1\WebApplication1.csproj", "{187120F6-0A4F-4C2B-937B-D3E2046B251D}"
EndProject
Global
	GlobalSection(SolutionConfigurationPlatforms) = preSolution
		Debug|Any CPU = Debug|Any CPU
		Release|Any CPU = Release|Any CPU
	EndGlobalSection
	GlobalSection(ProjectConfigurationPlatforms) = postSolution
		{187120F6-0A4F-4C2B-937B-D3E2046B251D}.Debug|Any CPU.ActiveCfg = Debug|Any CPU
		{187120F6-0A4F-4C2B-937B-D3E2046B251D}.Debug|Any CPU.Build.0 = Debug|Any CPU
		{187120F6-0A4F-4C2B-937B-D3E2046B251D}.Release|Any CPU.ActiveCfg = Release|Any CPU
		{187120F6-0A4F-4C2B-937B-D3E2046B251D}.Release|Any CPU.Build.0 = Release|Any CPU
	EndGlobalSection
	GlobalSection(SolutionProperties) = preSolution
		HideSolutionNode = FALSE
	EndGlobalSection
	GlobalSection(ExtensibilityGlobals) = postSolution
		SolutionGuid = {56E05F71-DD8D-4163-9E6E-59AFCCB9DEC5}
	EndGlobalSection
EndGlobal
